
Microsoft Visual Studio Solution File, Format Version 12.00
# Visual Studio 15
Project("{FAE04EC0-301F-11D3-BF4B-00C04F79EFBC}") = "Assembly-CSharp", "Assembly-CSharp.csproj", "{C2F1C800-4961-26E9-73F8-8110D78A3274}"
EndProject
Global
	GlobalSection(SolutionConfigurationPlatforms) = preSolution
		Debug|Any CPU = Debug|Any CPU
		Release|Any CPU = Release|Any CPU
	EndGlobalSection
	GlobalSection(ProjectConfigurationPlatforms) = postSolution
		{C2F1C800-4961-26E9-73F8-8110D78A3274}.Debug|Any CPU.ActiveCfg = Debug|Any CPU
		{C2F1C800-4961-26E9-73F8-8110D78A3274}.Debug|Any CPU.Build.0 = Debug|Any CPU
		{C2F1C800-4961-26E9-73F8-8110D78A3274}.Release|Any CPU.ActiveCfg = Release|Any CPU
		{C2F1C800-4961-26E9-73F8-8110D78A3274}.Release|Any CPU.Build.0 = Release|Any CPU
	EndGlobalSection
	GlobalSection(SolutionProperties) = preSolution
		HideSolutionNode = FALSE
	EndGlobalSection
EndGlobal
